
Microsoft Visual Studio Solution File, Format Version 12.00
# Visual Studio Version 17
VisualStudioVersion = 17.9.34723.18
MinimumVisualStudioVersion = 10.0.40219.1
Project("{FAE04EC0-301F-11D3-BF4B-00C04F79EFBC}") = "EconoMe", "EconoMe\EconoMe.csproj", "{B2B2DC59-7887-4886-BC74-4E8D944DF167}"
EndProject
Project("{FAE04EC0-301F-11D3-BF4B-00C04F79EFBC}") = "EconoMeMVC", "EconoMeMVC\EconoMeMVC.csproj", "{A0D90DA8-C86B-4906-BE85-CE788877CDA6}"
EndProject
Global
	GlobalSection(SolutionConfigurationPlatforms) = preSolution
		Debug|Any CPU = Debug|Any CPU
		Release|Any CPU = Release|Any CPU
	EndGlobalSection
	GlobalSection(ProjectConfigurationPlatforms) = postSolution
		{B2B2DC59-7887-4886-BC74-4E8D944DF167}.Debug|Any CPU.ActiveCfg = Debug|Any CPU
		{B2B2DC59-7887-4886-BC74-4E8D944DF167}.Debug|Any CPU.Build.0 = Debug|Any CPU
		{B2B2DC59-7887-4886-BC74-4E8D944DF167}.Release|Any CPU.ActiveCfg = Release|Any CPU
		{B2B2DC59-7887-4886-BC74-4E8D944DF167}.Release|Any CPU.Build.0 = Release|Any CPU
		{A0D90DA8-C86B-4906-BE85-CE788877CDA6}.Debug|Any CPU.ActiveCfg = Debug|Any CPU
		{A0D90DA8-C86B-4906-BE85-CE788877CDA6}.Debug|Any CPU.Build.0 = Debug|Any CPU
		{A0D90DA8-C86B-4906-BE85-CE788877CDA6}.Release|Any CPU.ActiveCfg = Release|Any CPU
		{A0D90DA8-C86B-4906-BE85-CE788877CDA6}.Release|Any CPU.Build.0 = Release|Any CPU
	EndGlobalSection
	GlobalSection(SolutionProperties) = preSolution
		HideSolutionNode = FALSE
	EndGlobalSection
	GlobalSection(ExtensibilityGlobals) = postSolution
		SolutionGuid = {30F97021-0184-400C-9C83-315F4FC20D25}
	EndGlobalSection
EndGlobal
